
Microsoft Visual Studio Solution File, Format Version 12.00
# TcXaeShell Solution File, Format Version 11.00
VisualStudioVersion = 15.0.34031.82
MinimumVisualStudioVersion = 10.0.40219.1
Project("{B1E792BE-AA5F-4E3C-8C82-674BF9C0715B}") = "AMR_Demo", "AMR_Demo\AMR_Demo.tsproj", "{21C6B997-5FF2-4F78-8354-14BAFBCD2930}"
EndProject
Project("{23D6B0B7-CBAA-4070-A2AF-F2FCE2506A3D}") = "TwinCAT Drive Manager 2", "TwinCAT Drive Manager 2\TwinCAT Drive Manager 2.tcdmproj", "{D21F6BF7-D6B7-4147-823C-5F29D290A6F3}"
EndProject
Global
	GlobalSection(SolutionConfigurationPlatforms) = preSolution
		Debug|TwinCAT CE7 (ARMV7) = Debug|TwinCAT CE7 (ARMV7)
		Debug|TwinCAT OS (ARMT2) = Debug|TwinCAT OS (ARMT2)
		Debug|TwinCAT OS (ARMV7-A) = Debug|TwinCAT OS (ARMV7-A)
		Debug|TwinCAT OS (ARMV7-M) = Debug|TwinCAT OS (ARMV7-M)
		Debug|TwinCAT OS (ARMV8-A) = Debug|TwinCAT OS (ARMV8-A)
		Debug|TwinCAT OS (x64) = Debug|TwinCAT OS (x64)
		Debug|TwinCAT RT (x64) = Debug|TwinCAT RT (x64)
		Debug|TwinCAT RT (x86) = Debug|TwinCAT RT (x86)
		Release|TwinCAT CE7 (ARMV7) = Release|TwinCAT CE7 (ARMV7)
		Release|TwinCAT OS (ARMT2) = Release|TwinCAT OS (ARMT2)
		Release|TwinCAT OS (ARMV7-A) = Release|TwinCAT OS (ARMV7-A)
		Release|TwinCAT OS (ARMV7-M) = Release|TwinCAT OS (ARMV7-M)
		Release|TwinCAT OS (ARMV8-A) = Release|TwinCAT OS (ARMV8-A)
		Release|TwinCAT OS (x64) = Release|TwinCAT OS (x64)
		Release|TwinCAT RT (x64) = Release|TwinCAT RT (x64)
		Release|TwinCAT RT (x86) = Release|TwinCAT RT (x86)
	EndGlobalSection
	GlobalSection(ProjectConfigurationPlatforms) = postSolution
		{21C6B997-5FF2-4F78-8354-14BAFBCD2930}.Debug|TwinCAT CE7 (ARMV7).ActiveCfg = Debug|TwinCAT OS (ARMV8-A)
		{21C6B997-5FF2-4F78-8354-14BAFBCD2930}.Debug|TwinCAT OS (ARMT2).ActiveCfg = Debug|TwinCAT OS (ARMV8-A)
		{21C6B997-5FF2-4F78-8354-14BAFBCD2930}.Debug|TwinCAT OS (ARMV7-A).ActiveCfg = Debug|TwinCAT OS (ARMV7-A)
		{21C6B997-5FF2-4F78-8354-14BAFBCD2930}.Debug|TwinCAT OS (ARMV7-A).Build.0 = Debug|TwinCAT OS (ARMV7-A)
		{21C6B997-5FF2-4F78-8354-14BAFBCD2930}.Debug|TwinCAT OS (ARMV7-M).ActiveCfg = Debug|TwinCAT OS (ARMV7-M)
		{21C6B997-5FF2-4F78-8354-14BAFBCD2930}.Debug|TwinCAT OS (ARMV7-M).Build.0 = Debug|TwinCAT OS (ARMV7-M)
		{21C6B997-5FF2-4F78-8354-14BAFBCD2930}.Debug|TwinCAT OS (ARMV8-A).ActiveCfg = Debug|TwinCAT OS (ARMV8-A)
		{21C6B997-5FF2-4F78-8354-14BAFBCD2930}.Debug|TwinCAT OS (ARMV8-A).Build.0 = Debug|TwinCAT OS (ARMV8-A)
		{21C6B997-5FF2-4F78-8354-14BAFBCD2930}.Debug|TwinCAT OS (x64).ActiveCfg = Debug|TwinCAT OS (x64)
		{21C6B997-5FF2-4F78-8354-14BAFBCD2930}.Debug|TwinCAT OS (x64).Build.0 = Debug|TwinCAT OS (x64)
		{21C6B997-5FF2-4F78-8354-14BAFBCD2930}.Debug|TwinCAT RT (x64).ActiveCfg = Debug|TwinCAT RT (x64)
		{21C6B997-5FF2-4F78-8354-14BAFBCD2930}.Debug|TwinCAT RT (x64).Build.0 = Debug|TwinCAT RT (x64)
		{21C6B997-5FF2-4F78-8354-14BAFBCD2930}.Debug|TwinCAT RT (x86).ActiveCfg = Debug|TwinCAT RT (x86)
		{21C6B997-5FF2-4F78-8354-14BAFBCD2930}.Debug|TwinCAT RT (x86).Build.0 = Debug|TwinCAT RT (x86)
		{21C6B997-5FF2-4F78-8354-14BAFBCD2930}.Release|TwinCAT CE7 (ARMV7).ActiveCfg = Release|TwinCAT OS (ARMV8-A)
		{21C6B997-5FF2-4F78-8354-14BAFBCD2930}.Release|TwinCAT OS (ARMT2).ActiveCfg = Release|TwinCAT OS (ARMV8-A)
		{21C6B997-5FF2-4F78-8354-14BAFBCD2930}.Release|TwinCAT OS (ARMV7-A).ActiveCfg = Release|TwinCAT OS (ARMV7-A)
		{21C6B997-5FF2-4F78-8354-14BAFBCD2930}.Release|TwinCAT OS (ARMV7-A).Build.0 = Release|TwinCAT OS (ARMV7-A)
		{21C6B997-5FF2-4F78-8354-14BAFBCD2930}.Release|TwinCAT OS (ARMV7-M).ActiveCfg = Release|TwinCAT OS (ARMV7-M)
		{21C6B997-5FF2-4F78-8354-14BAFBCD2930}.Release|TwinCAT OS (ARMV7-M).Build.0 = Release|TwinCAT OS (ARMV7-M)
		{21C6B997-5FF2-4F78-8354-14BAFBCD2930}.Release|TwinCAT OS (ARMV8-A).ActiveCfg = Release|TwinCAT OS (ARMV8-A)
		{21C6B997-5FF2-4F78-8354-14BAFBCD2930}.Release|TwinCAT OS (ARMV8-A).Build.0 = Release|TwinCAT OS (ARMV8-A)
		{21C6B997-5FF2-4F78-8354-14BAFBCD2930}.Release|TwinCAT OS (x64).ActiveCfg = Release|TwinCAT OS (x64)
		{21C6B997-5FF2-4F78-8354-14BAFBCD2930}.Release|TwinCAT OS (x64).Build.0 = Release|TwinCAT OS (x64)
		{21C6B997-5FF2-4F78-8354-14BAFBCD2930}.Release|TwinCAT RT (x64).ActiveCfg = Release|TwinCAT RT (x64)
		{21C6B997-5FF2-4F78-8354-14BAFBCD2930}.Release|TwinCAT RT (x64).Build.0 = Release|TwinCAT RT (x64)
		{21C6B997-5FF2-4F78-8354-14BAFBCD2930}.Release|TwinCAT RT (x86).ActiveCfg = Release|TwinCAT RT (x86)
		{21C6B997-5FF2-4F78-8354-14BAFBCD2930}.Release|TwinCAT RT (x86).Build.0 = Release|TwinCAT RT (x86)
		{D21F6BF7-D6B7-4147-823C-5F29D290A6F3}.Debug|TwinCAT CE7 (ARMV7).ActiveCfg = Debug|TwinCAT CE7 (ARMV7)
		{D21F6BF7-D6B7-4147-823C-5F29D290A6F3}.Debug|TwinCAT OS (ARMT2).ActiveCfg = Debug|TwinCAT OS (ARMT2)
		{D21F6BF7-D6B7-4147-823C-5F29D290A6F3}.Debug|TwinCAT OS (ARMV7-A).ActiveCfg = Debug|TwinCAT OS (ARMT2)
		{D21F6BF7-D6B7-4147-823C-5F29D290A6F3}.Debug|TwinCAT OS (ARMV7-M).ActiveCfg = Debug|TwinCAT OS (ARMT2)
		{D21F6BF7-D6B7-4147-823C-5F29D290A6F3}.Debug|TwinCAT OS (ARMV8-A).ActiveCfg = Debug|TwinCAT OS (ARMT2)
		{D21F6BF7-D6B7-4147-823C-5F29D290A6F3}.Debug|TwinCAT OS (x64).ActiveCfg = Debug|TwinCAT OS (x64)
		{D21F6BF7-D6B7-4147-823C-5F29D290A6F3}.Debug|TwinCAT RT (x64).ActiveCfg = Debug|TwinCAT RT (x64)
		{D21F6BF7-D6B7-4147-823C-5F29D290A6F3}.Debug|TwinCAT RT (x86).ActiveCfg = Debug|TwinCAT RT (x86)
		{D21F6BF7-D6B7-4147-823C-5F29D290A6F3}.Release|TwinCAT CE7 (ARMV7).ActiveCfg = Release|TwinCAT CE7 (ARMV7)
		{D21F6BF7-D6B7-4147-823C-5F29D290A6F3}.Release|TwinCAT OS (ARMT2).ActiveCfg = Release|TwinCAT OS (ARMT2)
		{D21F6BF7-D6B7-4147-823C-5F29D290A6F3}.Release|TwinCAT OS (ARMV7-A).ActiveCfg = Release|TwinCAT OS (ARMT2)
		{D21F6BF7-D6B7-4147-823C-5F29D290A6F3}.Release|TwinCAT OS (ARMV7-M).ActiveCfg = Release|TwinCAT OS (ARMT2)
		{D21F6BF7-D6B7-4147-823C-5F29D290A6F3}.Release|TwinCAT OS (ARMV8-A).ActiveCfg = Release|TwinCAT OS (ARMT2)
		{D21F6BF7-D6B7-4147-823C-5F29D290A6F3}.Release|TwinCAT OS (x64).ActiveCfg = Release|TwinCAT OS (x64)
		{D21F6BF7-D6B7-4147-823C-5F29D290A6F3}.Release|TwinCAT RT (x64).ActiveCfg = Release|TwinCAT RT (x64)
		{D21F6BF7-D6B7-4147-823C-5F29D290A6F3}.Release|TwinCAT RT (x86).ActiveCfg = Release|TwinCAT RT (x86)
		{2DFE7A75-9361-4018-9E9B-9E9C9C2E9DC6}.Debug|TwinCAT CE7 (ARMV7).ActiveCfg = Debug|TwinCAT OS (ARMV8-A)
		{2DFE7A75-9361-4018-9E9B-9E9C9C2E9DC6}.Debug|TwinCAT OS (ARMT2).ActiveCfg = Debug|TwinCAT OS (ARMV7-M)
		{2DFE7A75-9361-4018-9E9B-9E9C9C2E9DC6}.Debug|TwinCAT OS (ARMT2).Build.0 = Debug|TwinCAT OS (ARMV7-M)
		{2DFE7A75-9361-4018-9E9B-9E9C9C2E9DC6}.Debug|TwinCAT OS (ARMV7-A).ActiveCfg = Debug|TwinCAT OS (ARMV7-A)
		{2DFE7A75-9361-4018-9E9B-9E9C9C2E9DC6}.Debug|TwinCAT OS (ARMV7-A).Build.0 = Debug|TwinCAT OS (ARMV7-A)
		{2DFE7A75-9361-4018-9E9B-9E9C9C2E9DC6}.Debug|TwinCAT OS (ARMV7-M).ActiveCfg = Debug|TwinCAT OS (ARMV7-M)
		{2DFE7A75-9361-4018-9E9B-9E9C9C2E9DC6}.Debug|TwinCAT OS (ARMV7-M).Build.0 = Debug|TwinCAT OS (ARMV7-M)
		{2DFE7A75-9361-4018-9E9B-9E9C9C2E9DC6}.Debug|TwinCAT OS (ARMV8-A).ActiveCfg = Debug|TwinCAT OS (ARMV8-A)
		{2DFE7A75-9361-4018-9E9B-9E9C9C2E9DC6}.Debug|TwinCAT OS (ARMV8-A).Build.0 = Debug|TwinCAT OS (ARMV8-A)
		{2DFE7A75-9361-4018-9E9B-9E9C9C2E9DC6}.Debug|TwinCAT OS (x64).ActiveCfg = Debug|TwinCAT OS (x64)
		{2DFE7A75-9361-4018-9E9B-9E9C9C2E9DC6}.Debug|TwinCAT OS (x64).Build.0 = Debug|TwinCAT OS (x64)
		{2DFE7A75-9361-4018-9E9B-9E9C9C2E9DC6}.Debug|TwinCAT RT (x64).ActiveCfg = Debug|TwinCAT RT (x64)
		{2DFE7A75-9361-4018-9E9B-9E9C9C2E9DC6}.Debug|TwinCAT RT (x64).Build.0 = Debug|TwinCAT RT (x64)
		{2DFE7A75-9361-4018-9E9B-9E9C9C2E9DC6}.Debug|TwinCAT RT (x86).ActiveCfg = Debug|TwinCAT RT (x86)
		{2DFE7A75-9361-4018-9E9B-9E9C9C2E9DC6}.Debug|TwinCAT RT (x86).Build.0 = Debug|TwinCAT RT (x86)
		{2DFE7A75-9361-4018-9E9B-9E9C9C2E9DC6}.Release|TwinCAT CE7 (ARMV7).ActiveCfg = Release|TwinCAT OS (ARMV8-A)
		{2DFE7A75-9361-4018-9E9B-9E9C9C2E9DC6}.Release|TwinCAT OS (ARMT2).ActiveCfg = Release|TwinCAT OS (ARMV7-M)
		{2DFE7A75-9361-4018-9E9B-9E9C9C2E9DC6}.Release|TwinCAT OS (ARMT2).Build.0 = Release|TwinCAT OS (ARMV7-M)
		{2DFE7A75-9361-4018-9E9B-9E9C9C2E9DC6}.Release|TwinCAT OS (ARMV7-A).ActiveCfg = Release|TwinCAT OS (ARMV7-A)
		{2DFE7A75-9361-4018-9E9B-9E9C9C2E9DC6}.Release|TwinCAT OS (ARMV7-A).Build.0 = Release|TwinCAT OS (ARMV7-A)
		{2DFE7A75-9361-4018-9E9B-9E9C9C2E9DC6}.Release|TwinCAT OS (ARMV7-M).ActiveCfg = Release|TwinCAT OS (ARMV7-M)
		{2DFE7A75-9361-4018-9E9B-9E9C9C2E9DC6}.Release|TwinCAT OS (ARMV7-M).Build.0 = Release|TwinCAT OS (ARMV7-M)
		{2DFE7A75-9361-4018-9E9B-9E9C9C2E9DC6}.Release|TwinCAT OS (ARMV8-A).ActiveCfg = Release|TwinCAT OS (ARMV8-A)
		{2DFE7A75-9361-4018-9E9B-9E9C9C2E9DC6}.Release|TwinCAT OS (ARMV8-A).Build.0 = Release|TwinCAT OS (ARMV8-A)
		{2DFE7A75-9361-4018-9E9B-9E9C9C2E9DC6}.Release|TwinCAT OS (x64).ActiveCfg = Release|TwinCAT OS (x64)
		{2DFE7A75-9361-4018-9E9B-9E9C9C2E9DC6}.Release|TwinCAT OS (x64).Build.0 = Release|TwinCAT OS (x64)
		{2DFE7A75-9361-4018-9E9B-9E9C9C2E9DC6}.Release|TwinCAT RT (x64).ActiveCfg = Release|TwinCAT RT (x64)
		{2DFE7A75-9361-4018-9E9B-9E9C9C2E9DC6}.Release|TwinCAT RT (x64).Build.0 = Release|TwinCAT RT (x64)
		{2DFE7A75-9361-4018-9E9B-9E9C9C2E9DC6}.Release|TwinCAT RT (x86).ActiveCfg = Release|TwinCAT RT (x86)
		{2DFE7A75-9361-4018-9E9B-9E9C9C2E9DC6}.Release|TwinCAT RT (x86).Build.0 = Release|TwinCAT RT (x86)
		{A77867F6-EDB1-486B-AD82-FA742EF1A4B3}.Debug|TwinCAT CE7 (ARMV7).ActiveCfg = Debug|TwinCAT OS (ARMV8-A)
		{A77867F6-EDB1-486B-AD82-FA742EF1A4B3}.Debug|TwinCAT OS (ARMT2).ActiveCfg = Debug|TwinCAT OS (ARMV7-M)
		{A77867F6-EDB1-486B-AD82-FA742EF1A4B3}.Debug|TwinCAT OS (ARMT2).Build.0 = Debug|TwinCAT OS (ARMV7-M)
		{A77867F6-EDB1-486B-AD82-FA742EF1A4B3}.Debug|TwinCAT OS (ARMV7-A).ActiveCfg = Debug|TwinCAT OS (ARMV7-A)
		{A77867F6-EDB1-486B-AD82-FA742EF1A4B3}.Debug|TwinCAT OS (ARMV7-A).Build.0 = Debug|TwinCAT OS (ARMV7-A)
		{A77867F6-EDB1-486B-AD82-FA742EF1A4B3}.Debug|TwinCAT OS (ARMV7-M).ActiveCfg = Debug|TwinCAT OS (ARMV7-M)
		{A77867F6-EDB1-486B-AD82-FA742EF1A4B3}.Debug|TwinCAT OS (ARMV7-M).Build.0 = Debug|TwinCAT OS (ARMV7-M)
		{A77867F6-EDB1-486B-AD82-FA742EF1A4B3}.Debug|TwinCAT OS (ARMV8-A).ActiveCfg = Debug|TwinCAT OS (ARMV8-A)
		{A77867F6-EDB1-486B-AD82-FA742EF1A4B3}.Debug|TwinCAT OS (ARMV8-A).Build.0 = Debug|TwinCAT OS (ARMV8-A)
		{A77867F6-EDB1-486B-AD82-FA742EF1A4B3}.Debug|TwinCAT OS (x64).ActiveCfg = Debug|TwinCAT OS (x64)
		{A77867F6-EDB1-486B-AD82-FA742EF1A4B3}.Debug|TwinCAT OS (x64).Build.0 = Debug|TwinCAT OS (x64)
		{A77867F6-EDB1-486B-AD82-FA742EF1A4B3}.Debug|TwinCAT RT (x64).ActiveCfg = Debug|TwinCAT RT (x64)
		{A77867F6-EDB1-486B-AD82-FA742EF1A4B3}.Debug|TwinCAT RT (x64).Build.0 = Debug|TwinCAT RT (x64)
		{A77867F6-EDB1-486B-AD82-FA742EF1A4B3}.Debug|TwinCAT RT (x86).ActiveCfg = Debug|TwinCAT RT (x86)
		{A77867F6-EDB1-486B-AD82-FA742EF1A4B3}.Debug|TwinCAT RT (x86).Build.0 = Debug|TwinCAT RT (x86)
		{A77867F6-EDB1-486B-AD82-FA742EF1A4B3}.Release|TwinCAT CE7 (ARMV7).ActiveCfg = Release|TwinCAT OS (ARMV8-A)
		{A77867F6-EDB1-486B-AD82-FA742EF1A4B3}.Release|TwinCAT OS (ARMT2).ActiveCfg = Release|TwinCAT OS (ARMV7-M)
		{A77867F6-EDB1-486B-AD82-FA742EF1A4B3}.Release|TwinCAT OS (ARMT2).Build.0 = Release|TwinCAT OS (ARMV7-M)
		{A77867F6-EDB1-486B-AD82-FA742EF1A4B3}.Release|TwinCAT OS (ARMV7-A).ActiveCfg = Release|TwinCAT OS (ARMV7-A)
		{A77867F6-EDB1-486B-AD82-FA742EF1A4B3}.Release|TwinCAT OS (ARMV7-A).Build.0 = Release|TwinCAT OS (ARMV7-A)
		{A77867F6-EDB1-486B-AD82-FA742EF1A4B3}.Release|TwinCAT OS (ARMV7-M).ActiveCfg = Release|TwinCAT OS (ARMV7-M)
		{A77867F6-EDB1-486B-AD82-FA742EF1A4B3}.Release|TwinCAT OS (ARMV7-M).Build.0 = Release|TwinCAT OS (ARMV7-M)
		{A77867F6-EDB1-486B-AD82-FA742EF1A4B3}.Release|TwinCAT OS (ARMV8-A).ActiveCfg = Release|TwinCAT OS (ARMV8-A)
		{A77867F6-EDB1-486B-AD82-FA742EF1A4B3}.Release|TwinCAT OS (ARMV8-A).Build.0 = Release|TwinCAT OS (ARMV8-A)
		{A77867F6-EDB1-486B-AD82-FA742EF1A4B3}.Release|TwinCAT OS (x64).ActiveCfg = Release|TwinCAT OS (x64)
		{A77867F6-EDB1-486B-AD82-FA742EF1A4B3}.Release|TwinCAT OS (x64).Build.0 = Release|TwinCAT OS (x64)
		{A77867F6-EDB1-486B-AD82-FA742EF1A4B3}.Release|TwinCAT RT (x64).ActiveCfg = Release|TwinCAT RT (x64)
		{A77867F6-EDB1-486B-AD82-FA742EF1A4B3}.Release|TwinCAT RT (x64).Build.0 = Release|TwinCAT RT (x64)
		{A77867F6-EDB1-486B-AD82-FA742EF1A4B3}.Release|TwinCAT RT (x86).ActiveCfg = Release|TwinCAT RT (x86)
		{A77867F6-EDB1-486B-AD82-FA742EF1A4B3}.Release|TwinCAT RT (x86).Build.0 = Release|TwinCAT RT (x86)
	EndGlobalSection
	GlobalSection(SolutionProperties) = preSolution
		HideSolutionNode = FALSE
	EndGlobalSection
	GlobalSection(ExtensibilityGlobals) = postSolution
		SolutionGuid = {57F726D2-D8A4-4E0B-BCB3-61F9C09AEE4D}
	EndGlobalSection
EndGlobal
